
Microsoft Visual Studio Solution File, Format Version 12.00
# Visual Studio Version 16
VisualStudioVersion = 16.0.28917.181
MinimumVisualStudioVersion = 10.0.40219.1
Project("{9A19103F-16F7-4668-BE54-9A1E7A4F7556}") = "NEte", "NEte\NEte.csproj", "{8C064973-39A0-4ED1-8B36-8F20E4477B06}"
EndProject
Project("{2150E333-8FDC-42A3-9474-1A3956D46DE8}") = "Solution Items", "Solution Items", "{F1406537-212C-49A7-9B0A-BF426E7AA482}"
EndProject
Project("{FAE04EC0-301F-11D3-BF4B-00C04F79EFBC}") = "NEte.UnitTests", "NEte.UnitTests\NEte.UnitTests.csproj", "{248D0BF6-AC2C-4DAF-8009-7E5868A9BEC7}"
EndProject
Global
	GlobalSection(SolutionConfigurationPlatforms) = preSolution
		Debug|Any CPU = Debug|Any CPU
		Release|Any CPU = Release|Any CPU
	EndGlobalSection
	GlobalSection(ProjectConfigurationPlatforms) = postSolution
		{8C064973-39A0-4ED1-8B36-8F20E4477B06}.Debug|Any CPU.ActiveCfg = Debug|Any CPU
		{8C064973-39A0-4ED1-8B36-8F20E4477B06}.Debug|Any CPU.Build.0 = Debug|Any CPU
		{8C064973-39A0-4ED1-8B36-8F20E4477B06}.Release|Any CPU.ActiveCfg = Release|Any CPU
		{8C064973-39A0-4ED1-8B36-8F20E4477B06}.Release|Any CPU.Build.0 = Release|Any CPU
		{248D0BF6-AC2C-4DAF-8009-7E5868A9BEC7}.Debug|Any CPU.ActiveCfg = Debug|Any CPU
		{248D0BF6-AC2C-4DAF-8009-7E5868A9BEC7}.Debug|Any CPU.Build.0 = Debug|Any CPU
		{248D0BF6-AC2C-4DAF-8009-7E5868A9BEC7}.Release|Any CPU.ActiveCfg = Release|Any CPU
		{248D0BF6-AC2C-4DAF-8009-7E5868A9BEC7}.Release|Any CPU.Build.0 = Release|Any CPU
	EndGlobalSection
	GlobalSection(SolutionProperties) = preSolution
		HideSolutionNode = FALSE
	EndGlobalSection
	GlobalSection(ExtensibilityGlobals) = postSolution
		SolutionGuid = {C5ACDFD9-9D3E-4FB6-8F03-2108D2757C57}
	EndGlobalSection
EndGlobal
